
Microsoft Visual Studio Solution File, Format Version 12.00
# Visual Studio Version 16
VisualStudioVersion = 16.0.33801.447
MinimumVisualStudioVersion = 10.0.40219.1
Project("{FAE04EC0-301F-11D3-BF4B-00C04F79EFBC}") = "SekilCarpistirma", "SekilCarpistirma.csproj", "{8D1945A5-778D-47E8-862C-75279B946871}"
EndProject
Global
	GlobalSection(SolutionConfigurationPlatforms) = preSolution
		Debug|Any CPU = Debug|Any CPU
		Release|Any CPU = Release|Any CPU
	EndGlobalSection
	GlobalSection(ProjectConfigurationPlatforms) = postSolution
		{8D1945A5-778D-47E8-862C-75279B946871}.Debug|Any CPU.ActiveCfg = Debug|Any CPU
		{8D1945A5-778D-47E8-862C-75279B946871}.Debug|Any CPU.Build.0 = Debug|Any CPU
		{8D1945A5-778D-47E8-862C-75279B946871}.Release|Any CPU.ActiveCfg = Release|Any CPU
		{8D1945A5-778D-47E8-862C-75279B946871}.Release|Any CPU.Build.0 = Release|Any CPU
	EndGlobalSection
	GlobalSection(SolutionProperties) = preSolution
		HideSolutionNode = FALSE
	EndGlobalSection
	GlobalSection(ExtensibilityGlobals) = postSolution
		SolutionGuid = {5C838DB6-5A95-42CD-81D1-AD2BF4BD8A0A}
	EndGlobalSection
EndGlobal
